
Microsoft Visual Studio Solution File, Format Version 12.00
# Visual Studio Version 16
VisualStudioVersion = 16.0.31829.152
MinimumVisualStudioVersion = 10.0.40219.1
Project("{FAE04EC0-301F-11D3-BF4B-00C04F79EFBC}") = "Lab11WpfApp", "Lab11WpfApp\Lab11WpfApp.csproj", "{E445FD24-B882-426E-8EA7-C58F41B4A1A1}"
EndProject
Global
	GlobalSection(SolutionConfigurationPlatforms) = preSolution
		Debug|Any CPU = Debug|Any CPU
		Release|Any CPU = Release|Any CPU
	EndGlobalSection
	GlobalSection(ProjectConfigurationPlatforms) = postSolution
		{E445FD24-B882-426E-8EA7-C58F41B4A1A1}.Debug|Any CPU.ActiveCfg = Debug|Any CPU
		{E445FD24-B882-426E-8EA7-C58F41B4A1A1}.Debug|Any CPU.Build.0 = Debug|Any CPU
		{E445FD24-B882-426E-8EA7-C58F41B4A1A1}.Release|Any CPU.ActiveCfg = Release|Any CPU
		{E445FD24-B882-426E-8EA7-C58F41B4A1A1}.Release|Any CPU.Build.0 = Release|Any CPU
	EndGlobalSection
	GlobalSection(SolutionProperties) = preSolution
		HideSolutionNode = FALSE
	EndGlobalSection
	GlobalSection(ExtensibilityGlobals) = postSolution
		SolutionGuid = {E3916B2B-A702-49B9-8F4D-651E3EB451D8}
	EndGlobalSection
EndGlobal
